PODS:
  - OpenSSL-Universal (1.0.4):
    - OpenSSL-Universal/Framework (= 1.0.4)
  - OpenSSL-Universal/Framework (1.0.4)

DEPENDENCIES:
  - OpenSSL-Universal (from `../`)

EXTERNAL SOURCES:
  OpenSSL-Universal:
    :path: "../"

SPEC CHECKSUMS:
  OpenSSL-Universal: 0d420048b3aa83310ce45f9f4a9728d118f9b8c1

PODFILE CHECKSUM: 519297d6ae29cb8ff1f0de6a5f7de3c9c471f7b0

COCOAPODS: 1.9.3
