PODS:
  - OpenSSL-Universal (1.0.1):
    - OpenSSL-Universal/Framework (= 1.0.1)
  - OpenSSL-Universal/Framework (1.0.1)

DEPENDENCIES:
  - OpenSSL-Universal (from `../`)

EXTERNAL SOURCES:
  OpenSSL-Universal:
    :path: "../"

SPEC CHECKSUMS:
  OpenSSL-Universal: 63543ddc2546926fb1acbd3d2afa107ac4b76518

PODFILE CHECKSUM: 2e6b2c3ab103c701fb0b6dcd085adba0fcedb4d3

COCOAPODS: 1.9.3
