PODS:
  - OpenSSL-Universal (1.0.0):
    - OpenSSL-Universal/Framework (= 1.0.0)
  - OpenSSL-Universal/Framework (1.0.0)

DEPENDENCIES:
  - OpenSSL-Universal (from `../`)

EXTERNAL SOURCES:
  OpenSSL-Universal:
    :path: "../"

SPEC CHECKSUMS:
  OpenSSL-Universal: 739175582631b9eb2d911b8d86092430e0269573

PODFILE CHECKSUM: 2e6b2c3ab103c701fb0b6dcd085adba0fcedb4d3

COCOAPODS: 1.9.3
